
Microsoft Visual Studio Solution File, Format Version 12.00
# Visual Studio Version 17
VisualStudioVersion = 17.14.36127.28 d17.14
MinimumVisualStudioVersion = 10.0.40219.1
Project("{FAE04EC0-301F-11D3-BF4B-00C04F79EFBC}") = "ApiInscripcionMaterias", "ApiInscripcionMaterias.csproj", "{DFE10B7E-0914-4E7E-9A19-EA09DD675121}"
EndProject
Global
	GlobalSection(SolutionConfigurationPlatforms) = preSolution
		Debug|Any CPU = Debug|Any CPU
		Release|Any CPU = Release|Any CPU
	EndGlobalSection
	GlobalSection(ProjectConfigurationPlatforms) = postSolution
		{DFE10B7E-0914-4E7E-9A19-EA09DD675121}.Debug|Any CPU.ActiveCfg = Debug|Any CPU
		{DFE10B7E-0914-4E7E-9A19-EA09DD675121}.Debug|Any CPU.Build.0 = Debug|Any CPU
		{DFE10B7E-0914-4E7E-9A19-EA09DD675121}.Release|Any CPU.ActiveCfg = Release|Any CPU
		{DFE10B7E-0914-4E7E-9A19-EA09DD675121}.Release|Any CPU.Build.0 = Release|Any CPU
	EndGlobalSection
	GlobalSection(SolutionProperties) = preSolution
		HideSolutionNode = FALSE
	EndGlobalSection
	GlobalSection(ExtensibilityGlobals) = postSolution
		SolutionGuid = {BEDCF6DB-E193-4AE1-86C8-27FD4C325A98}
	EndGlobalSection
EndGlobal
